
Microsoft Visual Studio Solution File, Format Version 12.00
# Visual Studio Version 16
VisualStudioVersion = 16.0.31829.152
MinimumVisualStudioVersion = 10.0.40219.1
Project("{FAE04EC0-301F-11D3-BF4B-00C04F79EFBC}") = "PolymorphismOvningKenneth", "PolymorphismOvningKenneth\PolymorphismOvningKenneth.csproj", "{8FAAB980-20A6-4D7E-A79B-1E9192ED631B}"
EndProject
Global
	GlobalSection(SolutionConfigurationPlatforms) = preSolution
		Debug|Any CPU = Debug|Any CPU
		Release|Any CPU = Release|Any CPU
	EndGlobalSection
	GlobalSection(ProjectConfigurationPlatforms) = postSolution
		{8FAAB980-20A6-4D7E-A79B-1E9192ED631B}.Debug|Any CPU.ActiveCfg = Debug|Any CPU
		{8FAAB980-20A6-4D7E-A79B-1E9192ED631B}.Debug|Any CPU.Build.0 = Debug|Any CPU
		{8FAAB980-20A6-4D7E-A79B-1E9192ED631B}.Release|Any CPU.ActiveCfg = Release|Any CPU
		{8FAAB980-20A6-4D7E-A79B-1E9192ED631B}.Release|Any CPU.Build.0 = Release|Any CPU
	EndGlobalSection
	GlobalSection(SolutionProperties) = preSolution
		HideSolutionNode = FALSE
	EndGlobalSection
	GlobalSection(ExtensibilityGlobals) = postSolution
		SolutionGuid = {E06314F3-FE8E-49FB-89DB-76A19E6E53E5}
	EndGlobalSection
EndGlobal
